// !$*UTF8*$!
{
	archiveVersion = 1;
	classes = {
	};
	objectVersion = 50;
	objects = {

/* Begin PBXBuildFile section */
		41935ED1246A538D004DD14A /* AppDelegate.swift in Sources */ = {isa = PBXBuildFile; fileRef = 41935ED0246A538D004DD14A /* AppDelegate.swift */; };
		41935ED3246A538D004DD14A /* SceneDelegate.swift in Sources */ = {isa = PBXBuildFile; fileRef = 41935ED2246A538D004DD14A /* SceneDelegate.swift */; };
		41935ED5246A538D004DD14A /* ViewController.swift in Sources */ = {isa = PBXBuildFile; fileRef = 41935ED4246A538D004DD14A /* ViewController.swift */; };
		41935ED8246A538D004DD14A /* Main.storyboard in Resources */ = {isa = PBXBuildFile; fileRef = 41935ED6246A538D004DD14A /* Main.storyboard */; };
		41935EDA246A538E004DD14A /* Assets.xcassets in Resources */ = {isa = PBXBuildFile; fileRef = 41935ED9246A538E004DD14A /* Assets.xcassets */; };
		41935EDD246A538E004DD14A /* LaunchScreen.storyboard in Resources */ = {isa = PBXBuildFile; fileRef = 41935EDB246A538E004DD14A /* LaunchScreen.storyboard */; };
		41935EE5246B2775004DD14A /* SnapedViewController.swift in Sources */ = {isa = PBXBuildFile; fileRef = 41935EE4246B2775004DD14A /* SnapedViewController.swift */; };
/* End PBXBuildFile section */

/* Begin PBXFileReference section */
		41935ECD246A538D004DD14A /* DrawingPad.app */ = {isa = PBXFileReference; explicitFileType = wrapper.application; includeInIndex = 0; path = DrawingPad.app; sourceTree = BUILT_PRODUCTS_DIR; };
		41935ED0246A538D004DD14A /* AppDelegate.swift */ = {isa = PBXFileReference; lastKnownFileType = sourcecode.swift; path = AppDelegate.swift; sourceTree = "<group>"; };
		41935ED2246A538D004DD14A /* SceneDelegate.swift */ = {isa = PBXFileReference; lastKnownFileType = sourcecode.swift; path = SceneDelegate.swift; sourceTree = "<group>"; };
		41935ED4246A538D004DD14A /* ViewController.swift */ = {isa = PBXFileReference; lastKnownFileType = sourcecode.swift; path = ViewController.swift; sourceTree = "<group>"; };
		41935ED7246A538D004DD14A /* Base */ = {isa = PBXFileReference; lastKnownFileType = file.storyboard; name = Base; path = Base.lproj/Main.storyboard; sourceTree = "<group>"; };
		41935ED9246A538E004DD14A /* Assets.xcassets */ = {isa = PBXFileReference; lastKnownFileType = folder.assetcatalog; path = Assets.xcassets; sourceTree = "<group>"; };
		41935EDC246A538E004DD14A /* Base */ = {isa = PBXFileReference; lastKnownFileType = file.storyboard; name = Base; path = Base.lproj/LaunchScreen.storyboard; sourceTree = "<group>"; };
		41935EDE246A538E004DD14A /* Info.plist */ = {isa = PBXFileReference; lastKnownFileType = text.plist.xml; path = Info.plist; sourceTree = "<group>"; };
		41935EE4246B2775004DD14A /* SnapedViewController.swift */ = {isa = PBXFileReference; lastKnownFileType = sourcecode.swift; path = SnapedViewController.swift; sourceTree = "<group>"; };
/* End PBXFileReference section */

/* Begin PBXFrameworksBuildPhase section */
		41935ECA246A538D004DD14A /* Frameworks */ = {
			isa = PBXFrameworksBuildPhase;
			buildActionMask = 2147483647;
			files = (
			);
			runOnlyForDeploymentPostprocessing = 0;
		};
/* End PBXFrameworksBuildPhase section */

/* Begin PBXGroup section */
		41935EC4246A538D004DD14A = {
			isa = PBXGroup;
			children = (
				41935ECF246A538D004DD14A /* DrawingPad */,
				41935ECE246A538D004DD14A /* Products */,
			);
			sourceTree = "<group>";
		};
		41935ECE246A538D004DD14A /* Products */ = {
			isa = PBXGroup;
			children = (
				41935ECD246A538D004DD14A /* DrawingPad.app */,
			);
			name = Products;
			sourceTree = "<group>";
		};
		41935ECF246A538D004DD14A /* DrawingPad */ = {
			isa = PBXGroup;
			children = (
				41935ED0246A538D004DD14A /* AppDelegate.swift */,
				41935ED2246A538D004DD14A /* SceneDelegate.swift */,
				41935ED4246A538D004DD14A /* ViewController.swift */,
				41935EE4246B2775004DD14A /* SnapedViewController.swift */,
				41935ED6246A538D004DD14A /* Main.storyboard */,
				41935ED9246A538E004DD14A /* Assets.xcassets */,
				41935EDB246A538E004DD14A /* LaunchScreen.storyboard */,
				41935EDE246A538E004DD14A /* Info.plist */,
			);
			path = DrawingPad;
			sourceTree = "<group>";
		};
/* End PBXGroup section */

/* Begin PBXNativeTarget section */
		41935ECC246A538D004DD14A /* DrawingPad */ = {
			isa = PBXNativeTarget;
			buildConfigurationList = 41935EE1246A538E004DD14A /* Build configuration list for PBXNativeTarget "DrawingPad" */;
			buildPhases = (
				41935EC9246A538D004DD14A /* Sources */,
				41935ECA246A538D004DD14A /* Frameworks */,
				41935ECB246A538D004DD14A /* Resources */,
			);
			buildRules = (
			);
			dependencies = (
			);
			name = DrawingPad;
			productName = DrawingPad;
			productReference = 41935ECD246A538D004DD14A /* DrawingPad.app */;
			productType = "com.apple.product-type.application";
		};
/* End PBXNativeTarget section */

/* Begin PBXProject section */
		41935EC5246A538D004DD14A /* Project object */ = {
			isa = PBXProject;
			attributes = {
				LastSwiftUpdateCheck = 1140;
				LastUpgradeCheck = 1140;
				ORGANIZATIONNAME = "RUPAM LAHA";
				TargetAttributes = {
					41935ECC246A538D004DD14A = {
						CreatedOnToolsVersion = 11.4;
					};
				};
			};
			buildConfigurationList = 41935EC8246A538D004DD14A /* Build configuration list for PBXProject "DrawingPad" */;
			compatibilityVersion = "Xcode 9.3";
			developmentRegion = en;
			hasScannedForEncodings = 0;
			knownRegions = (
				en,
				Base,
			);
			mainGroup = 41935EC4246A538D004DD14A;
			productRefGroup = 41935ECE246A538D004DD14A /* Products */;
			projectDirPath = "";
			projectRoot = "";
			targets = (
				41935ECC246A538D004DD14A /* DrawingPad */,
			);
		};
/* End PBXProject section */

/* Begin PBXResourcesBuildPhase section */
		41935ECB246A538D004DD14A /* Resources */ = {
			isa = PBXResourcesBuildPhase;
			buildActionMask = 2147483647;
			files = (
				41935EDD246A538E004DD14A /* LaunchScreen.storyboard in Resources */,
				41935EDA246A538E004DD14A /* Assets.xcassets in Resources */,
				41935ED8246A538D004DD14A /* Main.storyboard in Resources */,
			);
			runOnlyForDeploymentPostprocessing = 0;
		};
/* End PBXResourcesBuildPhase section */

/* Begin PBXSourcesBuildPhase section */
		41935EC9246A538D004DD14A /* Sources */ = {
			isa = PBXSourcesBuildPhase;
			buildActionMask = 2147483647;
			files = (
				41935ED5246A538D004DD14A /* ViewController.swift in Sources */,
				41935ED1246A538D004DD14A /* AppDelegate.swift in Sources */,
				41935ED3246A538D004DD14A /* SceneDelegate.swift in Sources */,
				41935EE5246B2775004DD14A /* SnapedViewController.swift in Sources */,
			);
			runOnlyForDeploymentPostprocessing = 0;
		};
/* End PBXSourcesBuildPhase section */

/* Begin PBXVariantGroup section */
		41935ED6246A538D004DD14A /* Main.storyboard */ = {
			isa = PBXVariantGroup;
			children = (
				41935ED7246A538D004DD14A /* Base */,
			);
			name = Main.storyboard;
			sourceTree = "<group>";
		};
		41935EDB246A538E004DD14A /* LaunchScreen.storyboard */ = {
			isa = PBXVariantGroup;
			children = (
				41935EDC246A538E004DD14A /* Base */,
			);
			name = LaunchScreen.storyboard;
			sourceTree = "<group>";
		};
/* End PBXVariantGroup section */

/* Begin XCBuildConfiguration section */
		41935EDF246A538E004DD14A /* Debug */ = {
			isa = XCBuildConfiguration;
			buildSettings = {
				ALWAYS_SEARCH_USER_PATHS = NO;
				CLANG_ANALYZER_NONNULL = YES;
				CLANG_ANALYZER_NUMBER_OBJECT_CONVERSION = YES_AGGRESSIVE;
				CLANG_CXX_LANGUAGE_STANDARD = "gnu++14";
				CLANG_CXX_LIBRARY = "libc++";
				CLANG_ENABLE_MODULES = YES;
				CLANG_ENABLE_OBJC_ARC = YES;
				CLANG_ENABLE_OBJC_WEAK = YES;
				CLANG_WARN_BLOCK_CAPTURE_AUTORELEASING = YES;
				CLANG_WARN_BOOL_CONVERSION = YES;
				CLANG_WARN_COMMA = YES;
				CLANG_WARN_CONSTANT_CONVERSION = YES;
				CLANG_WARN_DEPRECATED_OBJC_IMPLEMENTATIONS = YES;
				CLANG_WARN_DIRECT_OBJC_ISA_USAGE = YES_ERROR;
				CLANG_WARN_DOCUMENTATION_COMMENTS = YES;
				CLANG_WARN_EMPTY_BODY = YES;
				CLANG_WARN_ENUM_CONVERSION = YES;
				CLANG_WARN_INFINITE_RECURSION = YES;
				CLANG_WARN_INT_CONVERSION = YES;
				CLANG_WARN_NON_LITERAL_NULL_CONVERSION = YES;
				CLANG_WARN_OBJC_IMPLICIT_RETAIN_SELF = YES;
				CLANG_WARN_OBJC_LITERAL_CONVERSION = YES;
				CLANG_WARN_OBJC_ROOT_CLASS = YES_ERROR;
				CLANG_WARN_RANGE_LOOP_ANALYSIS = YES;
				CLANG_WARN_STRICT_PROTOTYPES = YES;
				CLANG_WARN_SUSPICIOUS_MOVE = YES;
				CLANG_WARN_UNGUARDED_AVAILABILITY = YES_AGGRESSIVE;
				CLANG_WARN_UNREACHABLE_CODE = YES;
				CLANG_WARN__DUPLICATE_METHOD_MATCH = YES;
				COPY_PHASE_STRIP = NO;
				DEBUG_INFORMATION_FORMAT = dwarf;
				ENABLE_STRICT_OBJC_MSGSEND = YES;
				ENABLE_TESTABILITY = YES;
				GCC_C_LANGUAGE_STANDARD = gnu11;
				GCC_DYNAMIC_NO_PIC = NO;
				GCC_NO_COMMON_BLOCKS = YES;
				GCC_OPTIMIZATION_LEVEL = 0;
				GCC_PREPROCESSOR_DEFINITIONS = (
					"DEBUG=1",
					"$(inherited)",
				);
				GCC_WARN_64_TO_32_BIT_CONVERSION = YES;
				GCC_WARN_ABOUT_RETURN_TYPE = YES_ERROR;
				GCC_WARN_UNDECLARED_SELECTOR = YES;
				GCC_WARN_UNINITIALIZED_AUTOS = YES_AGGRESSIVE;
				GCC_WARN_UNUSED_FUNCTION = YES;
				GCC_WARN_UNUSED_VARIABLE = YES;
				IPHONEOS_DEPLOYMENT_TARGET = 13.4;
				MTL_ENABLE_DEBUG_INFO = INCLUDE_SOURCE;
				MTL_FAST_MATH = YES;
				ONLY_ACTIVE_ARCH = YES;
				SDKROOT = iphoneos;
				SWIFT_ACTIVE_COMPILATION_CONDITIONS = DEBUG;
				SWIFT_OPTIMIZATION_LEVEL = "-Onone";
			};
			name = Debug;
		};
		41935EE0246A538E004DD14A /* Release */ = {
			isa = XCBuildConfiguration;
			buildSettings = {
				ALWAYS_SEARCH_USER_PATHS = NO;
				CLANG_ANALYZER_NONNULL = YES;
				CLANG_ANALYZER_NUMBER_OBJECT_CONVERSION = YES_AGGRESSIVE;
				CLANG_CXX_LANGUAGE_STANDARD = "gnu++14";
				CLANG_CXX_LIBRARY = "libc++";
				CLANG_ENABLE_MODULES = YES;
				CLANG_ENABLE_OBJC_ARC = YES;
				CLANG_ENABLE_OBJC_WEAK = YES;
				CLANG_WARN_BLOCK_CAPTURE_AUTORELEASING = YES;
				CLANG_WARN_BOOL_CONVERSION = YES;
				CLANG_WARN_COMMA = YES;
				CLANG_WARN_CONSTANT_CONVERSION = YES;
				CLANG_WARN_DEPRECATED_OBJC_IMPLEMENTATIONS = YES;
				CLANG_WARN_DIRECT_OBJC_ISA_USAGE = YES_ERROR;
				CLANG_WARN_DOCUMENTATION_COMMENTS = YES;
				CLANG_WARN_EMPTY_BODY = YES;
				CLANG_WARN_ENUM_CONVERSION = YES;
				CLANG_WARN_INFINITE_RECURSION = YES;
				CLANG_WARN_INT_CONVERSION = YES;
				CLANG_WARN_NON_LITERAL_NULL_CONVERSION = YES;
				CLANG_WARN_OBJC_IMPLICIT_RETAIN_SELF = YES;
				CLANG_WARN_OBJC_LITERAL_CONVERSION = YES;
				CLANG_WARN_OBJC_ROOT_CLASS = YES_ERROR;
				CLANG_WARN_RANGE_LOOP_ANALYSIS = YES;
				CLANG_WARN_STRICT_PROTOTYPES = YES;
				CLANG_WARN_SUSPICIOUS_MOVE = YES;
				CLANG_WARN_UNGUARDED_AVAILABILITY = YES_AGGRESSIVE;
				CLANG_WARN_UNREACHABLE_CODE = YES;
				CLANG_WARN__DUPLICATE_METHOD_MATCH = YES;
				COPY_PHASE_STRIP = NO;
				DEBUG_INFORMATION_FORMAT = "dwarf-with-dsym";
				ENABLE_NS_ASSERTIONS = NO;
				ENABLE_STRICT_OBJC_MSGSEND = YES;
				GCC_C_LANGUAGE_STANDARD = gnu11;
				GCC_NO_COMMON_BLOCKS = YES;
				GCC_WARN_64_TO_32_BIT_CONVERSION = YES;
				GCC_WARN_ABOUT_RETURN_TYPE = YES_ERROR;
				GCC_WARN_UNDECLARED_SELECTOR = YES;
				GCC_WARN_UNINITIALIZED_AUTOS = YES_AGGRESSIVE;
				GCC_WARN_UNUSED_FUNCTION = YES;
				GCC_WARN_UNUSED_VARIABLE = YES;
				IPHONEOS_DEPLOYMENT_TARGET = 13.4;
				MTL_ENABLE_DEBUG_INFO = NO;
				MTL_FAST_MATH = YES;
				SDKROOT = iphoneos;
				SWIFT_COMPILATION_MODE = wholemodule;
				SWIFT_OPTIMIZATION_LEVEL = "-O";
				VALIDATE_PRODUCT = YES;
			};
			name = Release;
		};
		41935EE2246A538E004DD14A /* Debug */ = {
			isa = XCBuildConfiguration;
			buildSettings = {
				ASSETCATALOG_COMPILER_APPICON_NAME = AppIcon;
				CODE_SIGN_STYLE = Automatic;
				DEVELOPMENT_TEAM = 65Z93CH37A;
				INFOPLIST_FILE = DrawingPad/Info.plist;
				LD_RUNPATH_SEARCH_PATHS = (
					"$(inherited)",
					"@executable_path/Frameworks",
				);
				PRODUCT_BUNDLE_IDENTIFIER = com.rupamlaha9.DrawingPad;
				PRODUCT_NAME = "$(TARGET_NAME)";
				SWIFT_VERSION = 5.0;
				TARGETED_DEVICE_FAMILY = "1,2";
			};
			name = Debug;
		};
		41935EE3246A538E004DD14A /* Release */ = {
			isa = XCBuildConfiguration;
			buildSettings = {
				ASSETCATALOG_COMPILER_APPICON_NAME = AppIcon;
				CODE_SIGN_STYLE = Automatic;
				DEVELOPMENT_TEAM = 65Z93CH37A;
				INFOPLIST_FILE = DrawingPad/Info.plist;
				LD_RUNPATH_SEARCH_PATHS = (
					"$(inherited)",
					"@executable_path/Frameworks",
				);
				PRODUCT_BUNDLE_IDENTIFIER = com.rupamlaha9.DrawingPad;
				PRODUCT_NAME = "$(TARGET_NAME)";
				SWIFT_VERSION = 5.0;
				TARGETED_DEVICE_FAMILY = "1,2";
			};
			name = Release;
		};
/* End XCBuildConfiguration section */

/* Begin XCConfigurationList section */
		41935EC8246A538D004DD14A /* Build configuration list for PBXProject "DrawingPad" */ = {
			isa = XCConfigurationList;
			buildConfigurations = (
				41935EDF246A538E004DD14A /* Debug */,
				41935EE0246A538E004DD14A /* Release */,
			);
			defaultConfigurationIsVisible = 0;
			defaultConfigurationName = Release;
		};
		41935EE1246A538E004DD14A /* Build configuration list for PBXNativeTarget "DrawingPad" */ = {
			isa = XCConfigurationList;
			buildConfigurations = (
				41935EE2246A538E004DD14A /* Debug */,
				41935EE3246A538E004DD14A /* Release */,
			);
			defaultConfigurationIsVisible = 0;
			defaultConfigurationName = Release;
		};
/* End XCConfigurationList section */
	};
	rootObject = 41935EC5246A538D004DD14A /* Project object */;
}
